// !$*UTF8*$!
{
	archiveVersion = 1;
	classes = {
	};
	objectVersion = 54;
	objects = {

/* Begin PBXBuildFile section */
		4AFA467413E3625F00CFA132 /* Foundation.framework in Frameworks */ = {isa = PBXBuildFile; fileRef = 4AFA466913E3624F00CFA132 /* Foundation.framework */; };
		5029E9192D47C3FA00BB6C5D /* parsing_functions.h in Headers */ = {isa = PBXBuildFile; fileRef = 5029E9082D47C3FA00BB6C5D /* parsing_functions.h */; };
		5029E91A2D47C3FA00BB6C5D /* MultiMarkdown.h in Headers */ = {isa = PBXBuildFile; fileRef = 5029E9152D47C3FA00BB6C5D /* MultiMarkdown.h */; };
		5029E91B2D47C3FA00BB6C5D /* markdown_lib.h in Headers */ = {isa = PBXBuildFile; fileRef = 5029E9102D47C3FA00BB6C5D /* markdown_lib.h */; };
		5029E91C2D47C3FA00BB6C5D /* markdown_parser_lib.h in Headers */ = {isa = PBXBuildFile; fileRef = 5029E9122D47C3FA00BB6C5D /* markdown_parser_lib.h */; };
		5029E91D2D47C3FA00BB6C5D /* GLibFacade.h in Headers */ = {isa = PBXBuildFile; fileRef = 5029E90E2D47C3FA00BB6C5D /* GLibFacade.h */; };
		5029E91E2D47C3FA00BB6C5D /* markdown_parser.h in Headers */ = {isa = PBXBuildFile; fileRef = 5029E9042D47C3FA00BB6C5D /* markdown_parser.h */; };
		5029E91F2D47C3FA00BB6C5D /* markdown_peg.h in Headers */ = {isa = PBXBuildFile; fileRef = 5029E9142D47C3FA00BB6C5D /* markdown_peg.h */; };
		5029E9202D47C3FA00BB6C5D /* odf.h in Headers */ = {isa = PBXBuildFile; fileRef = 5029E9062D47C3FA00BB6C5D /* odf.h */; };
		5029E9212D47C3FA00BB6C5D /* glib.h in Headers */ = {isa = PBXBuildFile; fileRef = 5029E90D2D47C3FA00BB6C5D /* glib.h */; };
		5029E9222D47C3FA00BB6C5D /* tree.h in Headers */ = {isa = PBXBuildFile; fileRef = 5029E9162D47C3FA00BB6C5D /* tree.h */; };
		5029E9232D47C3FA00BB6C5D /* utility_functions.h in Headers */ = {isa = PBXBuildFile; fileRef = 5029E90A2D47C3FA00BB6C5D /* utility_functions.h */; };
		5029E9242D47C3FA00BB6C5D /* markdown_lib.c in Sources */ = {isa = PBXBuildFile; fileRef = 5029E9112D47C3FA00BB6C5D /* markdown_lib.c */; };
		5029E9252D47C3FA00BB6C5D /* utility_functions.c in Sources */ = {isa = PBXBuildFile; fileRef = 5029E90B2D47C3FA00BB6C5D /* utility_functions.c */; };
		5029E9262D47C3FA00BB6C5D /* GLibFacade.c in Sources */ = {isa = PBXBuildFile; fileRef = 5029E90F2D47C3FA00BB6C5D /* GLibFacade.c */; };
		5029E9272D47C3FA00BB6C5D /* parsing_functions.c in Sources */ = {isa = PBXBuildFile; fileRef = 5029E9092D47C3FA00BB6C5D /* parsing_functions.c */; };
		5029E9282D47C3FA00BB6C5D /* markdown.c in Sources */ = {isa = PBXBuildFile; fileRef = 5029E9022D47C3FA00BB6C5D /* markdown.c */; };
		5029E9292D47C3FA00BB6C5D /* markdown_parser_lib.c in Sources */ = {isa = PBXBuildFile; fileRef = 5029E9132D47C3FA00BB6C5D /* markdown_parser_lib.c */; };
		5029E92A2D47C3FA00BB6C5D /* markdown_output.c in Sources */ = {isa = PBXBuildFile; fileRef = 5029E9032D47C3FA00BB6C5D /* markdown_output.c */; };
		5029E92B2D47C3FA00BB6C5D /* odf.c in Sources */ = {isa = PBXBuildFile; fileRef = 5029E9072D47C3FA00BB6C5D /* odf.c */; };
/* End PBXBuildFile section */

/* Begin PBXFileReference section */
		4AFA466213E3624F00CFA132 /* libMultiMarkdown.a */ = {isa = PBXFileReference; explicitFileType = archive.ar; includeInIndex = 0; path = libMultiMarkdown.a; sourceTree = BUILT_PRODUCTS_DIR; };
		4AFA466413E3624F00CFA132 /* Cocoa.framework */ = {isa = PBXFileReference; lastKnownFileType = wrapper.framework; name = Cocoa.framework; path = System/Library/Frameworks/Cocoa.framework; sourceTree = SDKROOT; };
		4AFA466713E3624F00CFA132 /* AppKit.framework */ = {isa = PBXFileReference; lastKnownFileType = wrapper.framework; name = AppKit.framework; path = System/Library/Frameworks/AppKit.framework; sourceTree = SDKROOT; };
		4AFA466813E3624F00CFA132 /* CoreData.framework */ = {isa = PBXFileReference; lastKnownFileType = wrapper.framework; name = CoreData.framework; path = System/Library/Frameworks/CoreData.framework; sourceTree = SDKROOT; };
		4AFA466913E3624F00CFA132 /* Foundation.framework */ = {isa = PBXFileReference; lastKnownFileType = wrapper.framework; name = Foundation.framework; path = System/Library/Frameworks/Foundation.framework; sourceTree = SDKROOT; };
		5029E9022D47C3FA00BB6C5D /* markdown.c */ = {isa = PBXFileReference; lastKnownFileType = sourcecode.c.c; path = markdown.c; sourceTree = "<group>"; };
		5029E9032D47C3FA00BB6C5D /* markdown_output.c */ = {isa = PBXFileReference; lastKnownFileType = sourcecode.c.c; path = markdown_output.c; sourceTree = "<group>"; };
		5029E9042D47C3FA00BB6C5D /* markdown_parser.h */ = {isa = PBXFileReference; lastKnownFileType = sourcecode.c.h; path = markdown_parser.h; sourceTree = "<group>"; };
		5029E9052D47C3FA00BB6C5D /* markdown_parser.leg */ = {isa = PBXFileReference; lastKnownFileType = text; path = markdown_parser.leg; sourceTree = "<group>"; };
		5029E9062D47C3FA00BB6C5D /* odf.h */ = {isa = PBXFileReference; lastKnownFileType = sourcecode.c.h; path = odf.h; sourceTree = "<group>"; };
		5029E9072D47C3FA00BB6C5D /* odf.c */ = {isa = PBXFileReference; lastKnownFileType = sourcecode.c.c; path = odf.c; sourceTree = "<group>"; };
		5029E9082D47C3FA00BB6C5D /* parsing_functions.h */ = {isa = PBXFileReference; lastKnownFileType = sourcecode.c.h; path = parsing_functions.h; sourceTree = "<group>"; };
		5029E9092D47C3FA00BB6C5D /* parsing_functions.c */ = {isa = PBXFileReference; lastKnownFileType = sourcecode.c.c; path = parsing_functions.c; sourceTree = "<group>"; };
		5029E90A2D47C3FA00BB6C5D /* utility_functions.h */ = {isa = PBXFileReference; lastKnownFileType = sourcecode.c.h; path = utility_functions.h; sourceTree = "<group>"; };
		5029E90B2D47C3FA00BB6C5D /* utility_functions.c */ = {isa = PBXFileReference; lastKnownFileType = sourcecode.c.c; path = utility_functions.c; sourceTree = "<group>"; };
		5029E90D2D47C3FA00BB6C5D /* glib.h */ = {isa = PBXFileReference; lastKnownFileType = sourcecode.c.h; path = glib.h; sourceTree = "<group>"; };
		5029E90E2D47C3FA00BB6C5D /* GLibFacade.h */ = {isa = PBXFileReference; lastKnownFileType = sourcecode.c.h; path = GLibFacade.h; sourceTree = "<group>"; };
		5029E90F2D47C3FA00BB6C5D /* GLibFacade.c */ = {isa = PBXFileReference; lastKnownFileType = sourcecode.c.c; path = GLibFacade.c; sourceTree = "<group>"; };
		5029E9102D47C3FA00BB6C5D /* markdown_lib.h */ = {isa = PBXFileReference; lastKnownFileType = sourcecode.c.h; path = markdown_lib.h; sourceTree = "<group>"; };
		5029E9112D47C3FA00BB6C5D /* markdown_lib.c */ = {isa = PBXFileReference; lastKnownFileType = sourcecode.c.c; path = markdown_lib.c; sourceTree = "<group>"; };
		5029E9122D47C3FA00BB6C5D /* markdown_parser_lib.h */ = {isa = PBXFileReference; lastKnownFileType = sourcecode.c.h; path = markdown_parser_lib.h; sourceTree = "<group>"; };
		5029E9132D47C3FA00BB6C5D /* markdown_parser_lib.c */ = {isa = PBXFileReference; lastKnownFileType = sourcecode.c.c; path = markdown_parser_lib.c; sourceTree = "<group>"; };
		5029E9142D47C3FA00BB6C5D /* markdown_peg.h */ = {isa = PBXFileReference; lastKnownFileType = sourcecode.c.h; path = markdown_peg.h; sourceTree = "<group>"; };
		5029E9152D47C3FA00BB6C5D /* MultiMarkdown.h */ = {isa = PBXFileReference; lastKnownFileType = sourcecode.c.h; path = MultiMarkdown.h; sourceTree = "<group>"; };
		5029E9162D47C3FA00BB6C5D /* tree.h */ = {isa = PBXFileReference; lastKnownFileType = sourcecode.c.h; path = tree.h; sourceTree = "<group>"; };
		50F256BC2D43F117006858FC /* Package.swift */ = {isa = PBXFileReference; lastKnownFileType = sourcecode.swift; path = Package.swift; sourceTree = "<group>"; };
		651A525B13E1BEFE00BCB02A /* TODO.txt */ = {isa = PBXFileReference; fileEncoding = 4; lastKnownFileType = text; path = TODO.txt; sourceTree = "<group>"; };
/* End PBXFileReference section */

/* Begin PBXFrameworksBuildPhase section */
		4AFA465F13E3624F00CFA132 /* Frameworks */ = {
			isa = PBXFrameworksBuildPhase;
			buildActionMask = 2147483647;
			files = (
				4AFA467413E3625F00CFA132 /* Foundation.framework in Frameworks */,
			);
			runOnlyForDeploymentPostprocessing = 0;
		};
/* End PBXFrameworksBuildPhase section */

/* Begin PBXGroup section */
		08FB7794FE84155DC02AAC07 /* MultiMarkdown */ = {
			isa = PBXGroup;
			children = (
				50F256BC2D43F117006858FC /* Package.swift */,
				651A525B13E1BEFE00BCB02A /* TODO.txt */,
				5029E9182D47C3FA00BB6C5D /* Sources */,
				C6A0FF2B0290797F04C91782 /* Documentation */,
				4AFA466313E3624F00CFA132 /* Frameworks */,
				1AB674ADFE9D54B511CA2CBB /* Products */,
			);
			name = MultiMarkdown;
			sourceTree = "<group>";
		};
		1AB674ADFE9D54B511CA2CBB /* Products */ = {
			isa = PBXGroup;
			children = (
				4AFA466213E3624F00CFA132 /* libMultiMarkdown.a */,
			);
			name = Products;
			sourceTree = "<group>";
		};
		4AFA466313E3624F00CFA132 /* Frameworks */ = {
			isa = PBXGroup;
			children = (
				4AFA466413E3624F00CFA132 /* Cocoa.framework */,
				4AFA466613E3624F00CFA132 /* Other Frameworks */,
			);
			name = Frameworks;
			sourceTree = "<group>";
		};
		4AFA466613E3624F00CFA132 /* Other Frameworks */ = {
			isa = PBXGroup;
			children = (
				4AFA466713E3624F00CFA132 /* AppKit.framework */,
				4AFA466813E3624F00CFA132 /* CoreData.framework */,
				4AFA466913E3624F00CFA132 /* Foundation.framework */,
			);
			name = "Other Frameworks";
			sourceTree = "<group>";
		};
		5029E90C2D47C3FA00BB6C5D /* Private */ = {
			isa = PBXGroup;
			children = (
				5029E9022D47C3FA00BB6C5D /* markdown.c */,
				5029E9032D47C3FA00BB6C5D /* markdown_output.c */,
				5029E9042D47C3FA00BB6C5D /* markdown_parser.h */,
				5029E9052D47C3FA00BB6C5D /* markdown_parser.leg */,
				5029E9062D47C3FA00BB6C5D /* odf.h */,
				5029E9072D47C3FA00BB6C5D /* odf.c */,
				5029E9082D47C3FA00BB6C5D /* parsing_functions.h */,
				5029E9092D47C3FA00BB6C5D /* parsing_functions.c */,
				5029E90A2D47C3FA00BB6C5D /* utility_functions.h */,
				5029E90B2D47C3FA00BB6C5D /* utility_functions.c */,
			);
			path = Private;
			sourceTree = "<group>";
		};
		5029E9172D47C3FA00BB6C5D /* Public */ = {
			isa = PBXGroup;
			children = (
				5029E90D2D47C3FA00BB6C5D /* glib.h */,
				5029E90E2D47C3FA00BB6C5D /* GLibFacade.h */,
				5029E90F2D47C3FA00BB6C5D /* GLibFacade.c */,
				5029E9102D47C3FA00BB6C5D /* markdown_lib.h */,
				5029E9112D47C3FA00BB6C5D /* markdown_lib.c */,
				5029E9122D47C3FA00BB6C5D /* markdown_parser_lib.h */,
				5029E9132D47C3FA00BB6C5D /* markdown_parser_lib.c */,
				5029E9142D47C3FA00BB6C5D /* markdown_peg.h */,
				5029E9152D47C3FA00BB6C5D /* MultiMarkdown.h */,
				5029E9162D47C3FA00BB6C5D /* tree.h */,
			);
			path = Public;
			sourceTree = "<group>";
		};
		5029E9182D47C3FA00BB6C5D /* Sources */ = {
			isa = PBXGroup;
			children = (
				5029E90C2D47C3FA00BB6C5D /* Private */,
				5029E9172D47C3FA00BB6C5D /* Public */,
			);
			path = Sources;
			sourceTree = "<group>";
		};
		C6A0FF2B0290797F04C91782 /* Documentation */ = {
			isa = PBXGroup;
			children = (
			);
			name = Documentation;
			sourceTree = "<group>";
		};
/* End PBXGroup section */

/* Begin PBXHeadersBuildPhase section */
		4AFA466013E3624F00CFA132 /* Headers */ = {
			isa = PBXHeadersBuildPhase;
			buildActionMask = 2147483647;
			files = (
				5029E9192D47C3FA00BB6C5D /* parsing_functions.h in Headers */,
				5029E91A2D47C3FA00BB6C5D /* MultiMarkdown.h in Headers */,
				5029E91B2D47C3FA00BB6C5D /* markdown_lib.h in Headers */,
				5029E91C2D47C3FA00BB6C5D /* markdown_parser_lib.h in Headers */,
				5029E91D2D47C3FA00BB6C5D /* GLibFacade.h in Headers */,
				5029E91E2D47C3FA00BB6C5D /* markdown_parser.h in Headers */,
				5029E91F2D47C3FA00BB6C5D /* markdown_peg.h in Headers */,
				5029E9202D47C3FA00BB6C5D /* odf.h in Headers */,
				5029E9212D47C3FA00BB6C5D /* glib.h in Headers */,
				5029E9222D47C3FA00BB6C5D /* tree.h in Headers */,
				5029E9232D47C3FA00BB6C5D /* utility_functions.h in Headers */,
			);
			runOnlyForDeploymentPostprocessing = 0;
		};
/* End PBXHeadersBuildPhase section */

/* Begin PBXNativeTarget section */
		4AFA466113E3624F00CFA132 /* libMultiMarkdown */ = {
			isa = PBXNativeTarget;
			buildConfigurationList = 4AFA467013E3624F00CFA132 /* Build configuration list for PBXNativeTarget "libMultiMarkdown" */;
			buildPhases = (
				4AFA467713E3630600CFA132 /* Generate Parser */,
				4AFA466013E3624F00CFA132 /* Headers */,
				4AFA465F13E3624F00CFA132 /* Frameworks */,
				4AFA465E13E3624F00CFA132 /* Sources */,
			);
			buildRules = (
			);
			dependencies = (
			);
			name = libMultiMarkdown;
			productName = multimarkdown;
			productReference = 4AFA466213E3624F00CFA132 /* libMultiMarkdown.a */;
			productType = "com.apple.product-type.library.static";
		};
/* End PBXNativeTarget section */

/* Begin PBXProject section */
		08FB7793FE84155DC02AAC07 /* Project object */ = {
			isa = PBXProject;
			attributes = {
				BuildIndependentTargetsInParallel = YES;
				LastUpgradeCheck = 1600;
				TargetAttributes = {
					4AFA466113E3624F00CFA132 = {
						LastSwiftMigration = 1620;
					};
				};
			};
			buildConfigurationList = 1DEB928908733DD80010E9CD /* Build configuration list for PBXProject "MultiMarkdown" */;
			compatibilityVersion = "Xcode 3.2";
			developmentRegion = en;
			hasScannedForEncodings = 1;
			knownRegions = (
				en,
				fr,
				Base,
				ja,
				de,
			);
			mainGroup = 08FB7794FE84155DC02AAC07 /* MultiMarkdown */;
			projectDirPath = "";
			projectRoot = "";
			targets = (
				4AFA466113E3624F00CFA132 /* libMultiMarkdown */,
			);
		};
/* End PBXProject section */

/* Begin PBXShellScriptBuildPhase section */
		4AFA467713E3630600CFA132 /* Generate Parser */ = {
			isa = PBXShellScriptBuildPhase;
			buildActionMask = 8;
			files = (
			);
			inputPaths = (
				"$(SRCROOT)/markdown_parser.leg",
			);
			name = "Generate Parser";
			outputPaths = (
				"$(SRCROOT)/markdown_parser.h",
				"$(SRCROOT)/parsing_functions.c",
			);
			runOnlyForDeploymentPostprocessing = 1;
			shellPath = /bin/sh;
			shellScript = "\"$SRCROOT/leg\" -o markdown_parser.h markdown_parser.leg\ntouch parsing_functions.c\n";
		};
/* End PBXShellScriptBuildPhase section */

/* Begin PBXSourcesBuildPhase section */
		4AFA465E13E3624F00CFA132 /* Sources */ = {
			isa = PBXSourcesBuildPhase;
			buildActionMask = 2147483647;
			files = (
				5029E9242D47C3FA00BB6C5D /* markdown_lib.c in Sources */,
				5029E9252D47C3FA00BB6C5D /* utility_functions.c in Sources */,
				5029E9262D47C3FA00BB6C5D /* GLibFacade.c in Sources */,
				5029E9272D47C3FA00BB6C5D /* parsing_functions.c in Sources */,
				5029E9282D47C3FA00BB6C5D /* markdown.c in Sources */,
				5029E9292D47C3FA00BB6C5D /* markdown_parser_lib.c in Sources */,
				5029E92A2D47C3FA00BB6C5D /* markdown_output.c in Sources */,
				5029E92B2D47C3FA00BB6C5D /* odf.c in Sources */,
			);
			runOnlyForDeploymentPostprocessing = 0;
		};
/* End PBXSourcesBuildPhase section */

/* Begin XCBuildConfiguration section */
		1DEB928A08733DD80010E9CD /* Debug */ = {
			isa = XCBuildConfiguration;
			buildSettings = {
				CLANG_ANALYZER_LOCALIZABILITY_NONLOCALIZED = YES;
				CLANG_WARN_BLOCK_CAPTURE_AUTORELEASING = YES;
				CLANG_WARN_BOOL_CONVERSION = YES;
				CLANG_WARN_COMMA = YES;
				CLANG_WARN_CONSTANT_CONVERSION = YES;
				CLANG_WARN_DEPRECATED_OBJC_IMPLEMENTATIONS = YES;
				CLANG_WARN_EMPTY_BODY = YES;
				CLANG_WARN_ENUM_CONVERSION = YES;
				CLANG_WARN_INFINITE_RECURSION = YES;
				CLANG_WARN_INT_CONVERSION = YES;
				CLANG_WARN_NON_LITERAL_NULL_CONVERSION = YES;
				CLANG_WARN_OBJC_IMPLICIT_RETAIN_SELF = YES;
				CLANG_WARN_OBJC_LITERAL_CONVERSION = YES;
				CLANG_WARN_QUOTED_INCLUDE_IN_FRAMEWORK_HEADER = YES;
				CLANG_WARN_RANGE_LOOP_ANALYSIS = YES;
				CLANG_WARN_STRICT_PROTOTYPES = YES;
				CLANG_WARN_SUSPICIOUS_MOVE = YES;
				CLANG_WARN_UNREACHABLE_CODE = YES;
				CLANG_WARN__DUPLICATE_METHOD_MATCH = YES;
				DEAD_CODE_STRIPPING = YES;
				ENABLE_STRICT_OBJC_MSGSEND = YES;
				ENABLE_TESTABILITY = YES;
				GCC_C_LANGUAGE_STANDARD = gnu99;
				GCC_NO_COMMON_BLOCKS = YES;
				GCC_OPTIMIZATION_LEVEL = 0;
				GCC_WARN_64_TO_32_BIT_CONVERSION = YES;
				GCC_WARN_ABOUT_RETURN_TYPE = YES;
				GCC_WARN_UNDECLARED_SELECTOR = YES;
				GCC_WARN_UNINITIALIZED_AUTOS = YES;
				GCC_WARN_UNUSED_FUNCTION = NO;
				GCC_WARN_UNUSED_VARIABLE = YES;
				ONLY_ACTIVE_ARCH = YES;
				SKIP_INSTALL = YES;
				SUPPORTED_PLATFORMS = "iphonesimulator iphoneos";
			};
			name = Debug;
		};
		1DEB928B08733DD80010E9CD /* Release */ = {
			isa = XCBuildConfiguration;
			buildSettings = {
				CLANG_ANALYZER_LOCALIZABILITY_NONLOCALIZED = YES;
				CLANG_WARN_BLOCK_CAPTURE_AUTORELEASING = YES;
				CLANG_WARN_BOOL_CONVERSION = YES;
				CLANG_WARN_COMMA = YES;
				CLANG_WARN_CONSTANT_CONVERSION = YES;
				CLANG_WARN_DEPRECATED_OBJC_IMPLEMENTATIONS = YES;
				CLANG_WARN_EMPTY_BODY = YES;
				CLANG_WARN_ENUM_CONVERSION = YES;
				CLANG_WARN_INFINITE_RECURSION = YES;
				CLANG_WARN_INT_CONVERSION = YES;
				CLANG_WARN_NON_LITERAL_NULL_CONVERSION = YES;
				CLANG_WARN_OBJC_IMPLICIT_RETAIN_SELF = YES;
				CLANG_WARN_OBJC_LITERAL_CONVERSION = YES;
				CLANG_WARN_QUOTED_INCLUDE_IN_FRAMEWORK_HEADER = YES;
				CLANG_WARN_RANGE_LOOP_ANALYSIS = YES;
				CLANG_WARN_STRICT_PROTOTYPES = YES;
				CLANG_WARN_SUSPICIOUS_MOVE = YES;
				CLANG_WARN_UNREACHABLE_CODE = YES;
				CLANG_WARN__DUPLICATE_METHOD_MATCH = YES;
				DEAD_CODE_STRIPPING = YES;
				ENABLE_STRICT_OBJC_MSGSEND = YES;
				GCC_C_LANGUAGE_STANDARD = gnu99;
				GCC_NO_COMMON_BLOCKS = YES;
				GCC_WARN_64_TO_32_BIT_CONVERSION = YES;
				GCC_WARN_ABOUT_RETURN_TYPE = YES;
				GCC_WARN_UNDECLARED_SELECTOR = YES;
				GCC_WARN_UNINITIALIZED_AUTOS = YES;
				GCC_WARN_UNUSED_FUNCTION = NO;
				GCC_WARN_UNUSED_VARIABLE = YES;
				MACOSX_DEPLOYMENT_TARGET = 10.6;
				SKIP_INSTALL = YES;
				SUPPORTED_PLATFORMS = "iphonesimulator iphoneos";
			};
			name = Release;
		};
		4AFA467113E3624F00CFA132 /* Debug */ = {
			isa = XCBuildConfiguration;
			buildSettings = {
				ALWAYS_SEARCH_USER_PATHS = NO;
				CLANG_ENABLE_MODULES = YES;
				CLANG_ENABLE_OBJC_WEAK = YES;
				COMBINE_HIDPI_IMAGES = YES;
				DEAD_CODE_STRIPPING = YES;
				ENABLE_USER_SCRIPT_SANDBOXING = YES;
				GCC_PRECOMPILE_PREFIX_HEADER = NO;
				GCC_PREFIX_HEADER = Sources/Public/MultiMarkdown.h;
				GCC_PREPROCESSOR_DEFINITIONS = YY_CTX_LOCAL;
				GCC_WARN_UNUSED_FUNCTION = NO;
				HEADER_SEARCH_PATHS = (
					.,
					"peg-0.1.9/",
				);
				INSTALL_PATH = "@rpath";
				IPHONEOS_DEPLOYMENT_TARGET = 12.0;
				LD_RUNPATH_SEARCH_PATHS = (
					"$(inherited)",
					"@executable_path/Frameworks",
					"@loader_path/Frameworks",
				);
				MACOSX_DEPLOYMENT_TARGET = "$(RECOMMENDED_MACOSX_DEPLOYMENT_TARGET)";
				ONLY_ACTIVE_ARCH = NO;
				PRODUCT_NAME = MultiMarkdown;
				SCAN_ALL_SOURCE_FILES_FOR_INCLUDES = NO;
				SUPPORTED_PLATFORMS = "macosx iphonesimulator iphoneos";
				SWIFT_OPTIMIZATION_LEVEL = "-Onone";
				SWIFT_VERSION = 5.0;
			};
			name = Debug;
		};
		4AFA467213E3624F00CFA132 /* Release */ = {
			isa = XCBuildConfiguration;
			buildSettings = {
				ALWAYS_SEARCH_USER_PATHS = NO;
				CLANG_ENABLE_MODULES = YES;
				CLANG_ENABLE_OBJC_WEAK = YES;
				COMBINE_HIDPI_IMAGES = YES;
				DEAD_CODE_STRIPPING = YES;
				ENABLE_USER_SCRIPT_SANDBOXING = YES;
				GCC_PRECOMPILE_PREFIX_HEADER = NO;
				GCC_PREFIX_HEADER = Sources/Public/MultiMarkdown.h;
				GCC_PREPROCESSOR_DEFINITIONS = YY_CTX_LOCAL;
				GCC_WARN_UNUSED_FUNCTION = NO;
				HEADER_SEARCH_PATHS = (
					.,
					"peg-0.1.9/",
				);
				IPHONEOS_DEPLOYMENT_TARGET = 12.0;
				LD_RUNPATH_SEARCH_PATHS = (
					"$(inherited)",
					"@executable_path/Frameworks",
					"@loader_path/Frameworks",
				);
				MACOSX_DEPLOYMENT_TARGET = "$(RECOMMENDED_MACOSX_DEPLOYMENT_TARGET)";
				PRODUCT_NAME = MultiMarkdown;
				SCAN_ALL_SOURCE_FILES_FOR_INCLUDES = NO;
				SUPPORTED_PLATFORMS = "macosx iphonesimulator iphoneos";
				SWIFT_VERSION = 5.0;
			};
			name = Release;
		};
/* End XCBuildConfiguration section */

/* Begin XCConfigurationList section */
		1DEB928908733DD80010E9CD /* Build configuration list for PBXProject "MultiMarkdown" */ = {
			isa = XCConfigurationList;
			buildConfigurations = (
				1DEB928A08733DD80010E9CD /* Debug */,
				1DEB928B08733DD80010E9CD /* Release */,
			);
			defaultConfigurationIsVisible = 0;
			defaultConfigurationName = Release;
		};
		4AFA467013E3624F00CFA132 /* Build configuration list for PBXNativeTarget "libMultiMarkdown" */ = {
			isa = XCConfigurationList;
			buildConfigurations = (
				4AFA467113E3624F00CFA132 /* Debug */,
				4AFA467213E3624F00CFA132 /* Release */,
			);
			defaultConfigurationIsVisible = 0;
			defaultConfigurationName = Release;
		};
/* End XCConfigurationList section */
	};
	rootObject = 08FB7793FE84155DC02AAC07 /* Project object */;
}
